
Microsoft Visual Studio Solution File, Format Version 12.00
# Visual Studio Version 17
VisualStudioVersion = 17.13.35913.81 d17.13
MinimumVisualStudioVersion = 10.0.40219.1
Project("{FAE04EC0-301F-11D3-BF4B-00C04F79EFBC}") = "Shipcom", "CalculateTimeAngle\Shipcom.csproj", "{330F9A86-8573-496F-9CD8-6E0211E20616}"
EndProject
Global
	GlobalSection(SolutionConfigurationPlatforms) = preSolution
		Debug|Any CPU = Debug|Any CPU
		Release|Any CPU = Release|Any CPU
	EndGlobalSection
	GlobalSection(ProjectConfigurationPlatforms) = postSolution
		{330F9A86-8573-496F-9CD8-6E0211E20616}.Debug|Any CPU.ActiveCfg = Debug|Any CPU
		{330F9A86-8573-496F-9CD8-6E0211E20616}.Debug|Any CPU.Build.0 = Debug|Any CPU
		{330F9A86-8573-496F-9CD8-6E0211E20616}.Release|Any CPU.ActiveCfg = Release|Any CPU
		{330F9A86-8573-496F-9CD8-6E0211E20616}.Release|Any CPU.Build.0 = Release|Any CPU
	EndGlobalSection
	GlobalSection(SolutionProperties) = preSolution
		HideSolutionNode = FALSE
	EndGlobalSection
	GlobalSection(ExtensibilityGlobals) = postSolution
		SolutionGuid = {60F51046-B6C3-4537-89B9-FDC369524581}
	EndGlobalSection
EndGlobal
